
Microsoft Visual Studio Solution File, Format Version 12.00
# Visual Studio Version 16
VisualStudioVersion = 16.0.31005.135
MinimumVisualStudioVersion = 10.0.40219.1
Project("{8BC9CEB8-8B4A-11D0-8D11-00A0C91BC942}") = "0concurrency2", "concurrency2.0\concurrency2.vcxproj", "{CC967B0A-CD87-497F-AA4A-0C8B44EC71A5}"
EndProject
Project("{8BC9CEB8-8B4A-11D0-8D11-00A0C91BC942}") = "concrurrency2.1", "concrurrency2.1\concrurrency2.1.vcxproj", "{7605954B-B6FB-4BA7-A27C-B4156EC22B16}"
EndProject
Project("{8BC9CEB8-8B4A-11D0-8D11-00A0C91BC942}") = "concurrency2.2", "concurrency2.2\concurrency2.2.vcxproj", "{7D06B60E-1A1E-4D25-9631-837B19AFBDAB}"
EndProject
Project("{8BC9CEB8-8B4A-11D0-8D11-00A0C91BC942}") = "concurrency2.3", "concurrency2.3\concurrency2.3.vcxproj", "{90B0C877-D6D3-4DE4-AC31-7DB606C8B141}"
EndProject
Project("{8BC9CEB8-8B4A-11D0-8D11-00A0C91BC942}") = "concurrency2.4", "concurrency2.4\concurrency2.4.vcxproj", "{683EC248-DB98-4D13-B90D-D52B34C108DE}"
EndProject
Project("{8BC9CEB8-8B4A-11D0-8D11-00A0C91BC942}") = "concurrency2.5", "concurrency2.5\concurrency2.5.vcxproj", "{D5CE9D71-77F6-41DA-9E61-868B840D7AC5}"
EndProject
Project("{8BC9CEB8-8B4A-11D0-8D11-00A0C91BC942}") = "concurrency2.6", "concurrency2.6\concurrency2.6.vcxproj", "{F68A334C-3783-4BAF-98D8-D2639C9BB91D}"
EndProject
Project("{8BC9CEB8-8B4A-11D0-8D11-00A0C91BC942}") = "concurrency2.7", "concurrency2.7\concurrency2.7.vcxproj", "{6773551F-65E1-4EDE-BB17-9535C900CBA0}"
EndProject
Project("{8BC9CEB8-8B4A-11D0-8D11-00A0C91BC942}") = "concurrency2.8", "concurrency2.8\concurrency2.8.vcxproj", "{94420CF8-3B1A-4EFA-8977-1E134DC9656A}"
EndProject
Project("{8BC9CEB8-8B4A-11D0-8D11-00A0C91BC942}") = "concurrency2.9", "concurrency2.9\concurrency2.9.vcxproj", "{1E19821B-1F57-41EF-9232-AF3D9355B711}"
EndProject
Project("{8BC9CEB8-8B4A-11D0-8D11-00A0C91BC942}") = "concurrency2.55", "concurrency2.55\concurrency2.55.vcxproj", "{437AC899-1FC0-4150-A585-4B2B31FE124F}"
EndProject
Project("{8BC9CEB8-8B4A-11D0-8D11-00A0C91BC942}") = "tmp", "tmp\tmp.vcxproj", "{C066BD25-11BE-44EA-8991-3E1E6069B295}"
EndProject
Project("{8BC9CEB8-8B4A-11D0-8D11-00A0C91BC942}") = "concurrency2.65", "concurrency2.65\concurrency2.65.vcxproj", "{4A0E3ED9-B713-4F7A-B969-BF85E9BE16E9}"
EndProject
Project("{8BC9CEB8-8B4A-11D0-8D11-00A0C91BC942}") = "merge_sort", "merge_sort\merge_sort.vcxproj", "{5948708E-614B-43E9-9FA3-8BCA92BF6E0C}"
EndProject
Project("{8BC9CEB8-8B4A-11D0-8D11-00A0C91BC942}") = "concurrency2.75", "concurrency2.75\concurrency2.75.vcxproj", "{DA07309E-A834-4834-9FE8-1F446C77C007}"
EndProject
Project("{8BC9CEB8-8B4A-11D0-8D11-00A0C91BC942}") = "concurrency2.78", "concurrency2.78\concurrency2.78\concurrency2.78.vcxproj", "{BBDD7CC6-FEA0-411D-B1C5-BD7139162209}"
EndProject
Global
	GlobalSection(SolutionConfigurationPlatforms) = preSolution
		Debug|x64 = Debug|x64
		Debug|x86 = Debug|x86
		Release|x64 = Release|x64
		Release|x86 = Release|x86
	EndGlobalSection
	GlobalSection(ProjectConfigurationPlatforms) = postSolution
		{CC967B0A-CD87-497F-AA4A-0C8B44EC71A5}.Debug|x64.ActiveCfg = Debug|x64
		{CC967B0A-CD87-497F-AA4A-0C8B44EC71A5}.Debug|x64.Build.0 = Debug|x64
		{CC967B0A-CD87-497F-AA4A-0C8B44EC71A5}.Debug|x86.ActiveCfg = Debug|Win32
		{CC967B0A-CD87-497F-AA4A-0C8B44EC71A5}.Debug|x86.Build.0 = Debug|Win32
		{CC967B0A-CD87-497F-AA4A-0C8B44EC71A5}.Release|x64.ActiveCfg = Release|x64
		{CC967B0A-CD87-497F-AA4A-0C8B44EC71A5}.Release|x64.Build.0 = Release|x64
		{CC967B0A-CD87-497F-AA4A-0C8B44EC71A5}.Release|x86.ActiveCfg = Release|Win32
		{CC967B0A-CD87-497F-AA4A-0C8B44EC71A5}.Release|x86.Build.0 = Release|Win32
		{7605954B-B6FB-4BA7-A27C-B4156EC22B16}.Debug|x64.ActiveCfg = Debug|x64
		{7605954B-B6FB-4BA7-A27C-B4156EC22B16}.Debug|x64.Build.0 = Debug|x64
		{7605954B-B6FB-4BA7-A27C-B4156EC22B16}.Debug|x86.ActiveCfg = Debug|Win32
		{7605954B-B6FB-4BA7-A27C-B4156EC22B16}.Debug|x86.Build.0 = Debug|Win32
		{7605954B-B6FB-4BA7-A27C-B4156EC22B16}.Release|x64.ActiveCfg = Release|x64
		{7605954B-B6FB-4BA7-A27C-B4156EC22B16}.Release|x64.Build.0 = Release|x64
		{7605954B-B6FB-4BA7-A27C-B4156EC22B16}.Release|x86.ActiveCfg = Release|Win32
		{7605954B-B6FB-4BA7-A27C-B4156EC22B16}.Release|x86.Build.0 = Release|Win32
		{7D06B60E-1A1E-4D25-9631-837B19AFBDAB}.Debug|x64.ActiveCfg = Debug|x64
		{7D06B60E-1A1E-4D25-9631-837B19AFBDAB}.Debug|x64.Build.0 = Debug|x64
		{7D06B60E-1A1E-4D25-9631-837B19AFBDAB}.Debug|x86.ActiveCfg = Debug|Win32
		{7D06B60E-1A1E-4D25-9631-837B19AFBDAB}.Debug|x86.Build.0 = Debug|Win32
		{7D06B60E-1A1E-4D25-9631-837B19AFBDAB}.Release|x64.ActiveCfg = Release|x64
		{7D06B60E-1A1E-4D25-9631-837B19AFBDAB}.Release|x64.Build.0 = Release|x64
		{7D06B60E-1A1E-4D25-9631-837B19AFBDAB}.Release|x86.ActiveCfg = Release|Win32
		{7D06B60E-1A1E-4D25-9631-837B19AFBDAB}.Release|x86.Build.0 = Release|Win32
		{90B0C877-D6D3-4DE4-AC31-7DB606C8B141}.Debug|x64.ActiveCfg = Debug|x64
		{90B0C877-D6D3-4DE4-AC31-7DB606C8B141}.Debug|x64.Build.0 = Debug|x64
		{90B0C877-D6D3-4DE4-AC31-7DB606C8B141}.Debug|x86.ActiveCfg = Debug|Win32
		{90B0C877-D6D3-4DE4-AC31-7DB606C8B141}.Debug|x86.Build.0 = Debug|Win32
		{90B0C877-D6D3-4DE4-AC31-7DB606C8B141}.Release|x64.ActiveCfg = Release|x64
		{90B0C877-D6D3-4DE4-AC31-7DB606C8B141}.Release|x64.Build.0 = Release|x64
		{90B0C877-D6D3-4DE4-AC31-7DB606C8B141}.Release|x86.ActiveCfg = Release|Win32
		{90B0C877-D6D3-4DE4-AC31-7DB606C8B141}.Release|x86.Build.0 = Release|Win32
		{683EC248-DB98-4D13-B90D-D52B34C108DE}.Debug|x64.ActiveCfg = Debug|x64
		{683EC248-DB98-4D13-B90D-D52B34C108DE}.Debug|x64.Build.0 = Debug|x64
		{683EC248-DB98-4D13-B90D-D52B34C108DE}.Debug|x86.ActiveCfg = Debug|Win32
		{683EC248-DB98-4D13-B90D-D52B34C108DE}.Debug|x86.Build.0 = Debug|Win32
		{683EC248-DB98-4D13-B90D-D52B34C108DE}.Release|x64.ActiveCfg = Release|x64
		{683EC248-DB98-4D13-B90D-D52B34C108DE}.Release|x64.Build.0 = Release|x64
		{683EC248-DB98-4D13-B90D-D52B34C108DE}.Release|x86.ActiveCfg = Release|Win32
		{683EC248-DB98-4D13-B90D-D52B34C108DE}.Release|x86.Build.0 = Release|Win32
		{D5CE9D71-77F6-41DA-9E61-868B840D7AC5}.Debug|x64.ActiveCfg = Debug|x64
		{D5CE9D71-77F6-41DA-9E61-868B840D7AC5}.Debug|x64.Build.0 = Debug|x64
		{D5CE9D71-77F6-41DA-9E61-868B840D7AC5}.Debug|x86.ActiveCfg = Debug|Win32
		{D5CE9D71-77F6-41DA-9E61-868B840D7AC5}.Debug|x86.Build.0 = Debug|Win32
		{D5CE9D71-77F6-41DA-9E61-868B840D7AC5}.Release|x64.ActiveCfg = Release|x64
		{D5CE9D71-77F6-41DA-9E61-868B840D7AC5}.Release|x64.Build.0 = Release|x64
		{D5CE9D71-77F6-41DA-9E61-868B840D7AC5}.Release|x86.ActiveCfg = Release|Win32
		{D5CE9D71-77F6-41DA-9E61-868B840D7AC5}.Release|x86.Build.0 = Release|Win32
		{F68A334C-3783-4BAF-98D8-D2639C9BB91D}.Debug|x64.ActiveCfg = Debug|x64
		{F68A334C-3783-4BAF-98D8-D2639C9BB91D}.Debug|x64.Build.0 = Debug|x64
		{F68A334C-3783-4BAF-98D8-D2639C9BB91D}.Debug|x86.ActiveCfg = Debug|Win32
		{F68A334C-3783-4BAF-98D8-D2639C9BB91D}.Debug|x86.Build.0 = Debug|Win32
		{F68A334C-3783-4BAF-98D8-D2639C9BB91D}.Release|x64.ActiveCfg = Release|x64
		{F68A334C-3783-4BAF-98D8-D2639C9BB91D}.Release|x64.Build.0 = Release|x64
		{F68A334C-3783-4BAF-98D8-D2639C9BB91D}.Release|x86.ActiveCfg = Release|Win32
		{F68A334C-3783-4BAF-98D8-D2639C9BB91D}.Release|x86.Build.0 = Release|Win32
		{6773551F-65E1-4EDE-BB17-9535C900CBA0}.Debug|x64.ActiveCfg = Debug|x64
		{6773551F-65E1-4EDE-BB17-9535C900CBA0}.Debug|x64.Build.0 = Debug|x64
		{6773551F-65E1-4EDE-BB17-9535C900CBA0}.Debug|x86.ActiveCfg = Debug|Win32
		{6773551F-65E1-4EDE-BB17-9535C900CBA0}.Debug|x86.Build.0 = Debug|Win32
		{6773551F-65E1-4EDE-BB17-9535C900CBA0}.Release|x64.ActiveCfg = Release|x64
		{6773551F-65E1-4EDE-BB17-9535C900CBA0}.Release|x64.Build.0 = Release|x64
		{6773551F-65E1-4EDE-BB17-9535C900CBA0}.Release|x86.ActiveCfg = Release|Win32
		{6773551F-65E1-4EDE-BB17-9535C900CBA0}.Release|x86.Build.0 = Release|Win32
		{94420CF8-3B1A-4EFA-8977-1E134DC9656A}.Debug|x64.ActiveCfg = Debug|x64
		{94420CF8-3B1A-4EFA-8977-1E134DC9656A}.Debug|x64.Build.0 = Debug|x64
		{94420CF8-3B1A-4EFA-8977-1E134DC9656A}.Debug|x86.ActiveCfg = Debug|Win32
		{94420CF8-3B1A-4EFA-8977-1E134DC9656A}.Debug|x86.Build.0 = Debug|Win32
		{94420CF8-3B1A-4EFA-8977-1E134DC9656A}.Release|x64.ActiveCfg = Release|x64
		{94420CF8-3B1A-4EFA-8977-1E134DC9656A}.Release|x64.Build.0 = Release|x64
		{94420CF8-3B1A-4EFA-8977-1E134DC9656A}.Release|x86.ActiveCfg = Release|Win32
		{94420CF8-3B1A-4EFA-8977-1E134DC9656A}.Release|x86.Build.0 = Release|Win32
		{1E19821B-1F57-41EF-9232-AF3D9355B711}.Debug|x64.ActiveCfg = Debug|x64
		{1E19821B-1F57-41EF-9232-AF3D9355B711}.Debug|x64.Build.0 = Debug|x64
		{1E19821B-1F57-41EF-9232-AF3D9355B711}.Debug|x86.ActiveCfg = Debug|Win32
		{1E19821B-1F57-41EF-9232-AF3D9355B711}.Debug|x86.Build.0 = Debug|Win32
		{1E19821B-1F57-41EF-9232-AF3D9355B711}.Release|x64.ActiveCfg = Release|x64
		{1E19821B-1F57-41EF-9232-AF3D9355B711}.Release|x64.Build.0 = Release|x64
		{1E19821B-1F57-41EF-9232-AF3D9355B711}.Release|x86.ActiveCfg = Release|Win32
		{1E19821B-1F57-41EF-9232-AF3D9355B711}.Release|x86.Build.0 = Release|Win32
		{437AC899-1FC0-4150-A585-4B2B31FE124F}.Debug|x64.ActiveCfg = Debug|x64
		{437AC899-1FC0-4150-A585-4B2B31FE124F}.Debug|x64.Build.0 = Debug|x64
		{437AC899-1FC0-4150-A585-4B2B31FE124F}.Debug|x86.ActiveCfg = Debug|Win32
		{437AC899-1FC0-4150-A585-4B2B31FE124F}.Debug|x86.Build.0 = Debug|Win32
		{437AC899-1FC0-4150-A585-4B2B31FE124F}.Release|x64.ActiveCfg = Release|x64
		{437AC899-1FC0-4150-A585-4B2B31FE124F}.Release|x64.Build.0 = Release|x64
		{437AC899-1FC0-4150-A585-4B2B31FE124F}.Release|x86.ActiveCfg = Release|Win32
		{437AC899-1FC0-4150-A585-4B2B31FE124F}.Release|x86.Build.0 = Release|Win32
		{C066BD25-11BE-44EA-8991-3E1E6069B295}.Debug|x64.ActiveCfg = Debug|x64
		{C066BD25-11BE-44EA-8991-3E1E6069B295}.Debug|x64.Build.0 = Debug|x64
		{C066BD25-11BE-44EA-8991-3E1E6069B295}.Debug|x86.ActiveCfg = Debug|Win32
		{C066BD25-11BE-44EA-8991-3E1E6069B295}.Debug|x86.Build.0 = Debug|Win32
		{C066BD25-11BE-44EA-8991-3E1E6069B295}.Release|x64.ActiveCfg = Release|x64
		{C066BD25-11BE-44EA-8991-3E1E6069B295}.Release|x64.Build.0 = Release|x64
		{C066BD25-11BE-44EA-8991-3E1E6069B295}.Release|x86.ActiveCfg = Release|Win32
		{C066BD25-11BE-44EA-8991-3E1E6069B295}.Release|x86.Build.0 = Release|Win32
		{4A0E3ED9-B713-4F7A-B969-BF85E9BE16E9}.Debug|x64.ActiveCfg = Debug|x64
		{4A0E3ED9-B713-4F7A-B969-BF85E9BE16E9}.Debug|x64.Build.0 = Debug|x64
		{4A0E3ED9-B713-4F7A-B969-BF85E9BE16E9}.Debug|x86.ActiveCfg = Debug|Win32
		{4A0E3ED9-B713-4F7A-B969-BF85E9BE16E9}.Debug|x86.Build.0 = Debug|Win32
		{4A0E3ED9-B713-4F7A-B969-BF85E9BE16E9}.Release|x64.ActiveCfg = Release|x64
		{4A0E3ED9-B713-4F7A-B969-BF85E9BE16E9}.Release|x64.Build.0 = Release|x64
		{4A0E3ED9-B713-4F7A-B969-BF85E9BE16E9}.Release|x86.ActiveCfg = Release|Win32
		{4A0E3ED9-B713-4F7A-B969-BF85E9BE16E9}.Release|x86.Build.0 = Release|Win32
		{5948708E-614B-43E9-9FA3-8BCA92BF6E0C}.Debug|x64.ActiveCfg = Debug|x64
		{5948708E-614B-43E9-9FA3-8BCA92BF6E0C}.Debug|x64.Build.0 = Debug|x64
		{5948708E-614B-43E9-9FA3-8BCA92BF6E0C}.Debug|x86.ActiveCfg = Debug|Win32
		{5948708E-614B-43E9-9FA3-8BCA92BF6E0C}.Debug|x86.Build.0 = Debug|Win32
		{5948708E-614B-43E9-9FA3-8BCA92BF6E0C}.Release|x64.ActiveCfg = Release|x64
		{5948708E-614B-43E9-9FA3-8BCA92BF6E0C}.Release|x64.Build.0 = Release|x64
		{5948708E-614B-43E9-9FA3-8BCA92BF6E0C}.Release|x86.ActiveCfg = Release|Win32
		{5948708E-614B-43E9-9FA3-8BCA92BF6E0C}.Release|x86.Build.0 = Release|Win32
		{DA07309E-A834-4834-9FE8-1F446C77C007}.Debug|x64.ActiveCfg = Debug|x64
		{DA07309E-A834-4834-9FE8-1F446C77C007}.Debug|x64.Build.0 = Debug|x64
		{DA07309E-A834-4834-9FE8-1F446C77C007}.Debug|x86.ActiveCfg = Debug|Win32
		{DA07309E-A834-4834-9FE8-1F446C77C007}.Debug|x86.Build.0 = Debug|Win32
		{DA07309E-A834-4834-9FE8-1F446C77C007}.Release|x64.ActiveCfg = Release|x64
		{DA07309E-A834-4834-9FE8-1F446C77C007}.Release|x64.Build.0 = Release|x64
		{DA07309E-A834-4834-9FE8-1F446C77C007}.Release|x86.ActiveCfg = Release|Win32
		{DA07309E-A834-4834-9FE8-1F446C77C007}.Release|x86.Build.0 = Release|Win32
		{BBDD7CC6-FEA0-411D-B1C5-BD7139162209}.Debug|x64.ActiveCfg = Debug|x64
		{BBDD7CC6-FEA0-411D-B1C5-BD7139162209}.Debug|x64.Build.0 = Debug|x64
		{BBDD7CC6-FEA0-411D-B1C5-BD7139162209}.Debug|x86.ActiveCfg = Debug|Win32
		{BBDD7CC6-FEA0-411D-B1C5-BD7139162209}.Debug|x86.Build.0 = Debug|Win32
		{BBDD7CC6-FEA0-411D-B1C5-BD7139162209}.Release|x64.ActiveCfg = Release|x64
		{BBDD7CC6-FEA0-411D-B1C5-BD7139162209}.Release|x64.Build.0 = Release|x64
		{BBDD7CC6-FEA0-411D-B1C5-BD7139162209}.Release|x86.ActiveCfg = Release|Win32
		{BBDD7CC6-FEA0-411D-B1C5-BD7139162209}.Release|x86.Build.0 = Release|Win32
	EndGlobalSection
	GlobalSection(SolutionProperties) = preSolution
		HideSolutionNode = FALSE
	EndGlobalSection
	GlobalSection(ExtensibilityGlobals) = postSolution
		SolutionGuid = {3A439622-050E-40A9-9EDC-167A0E137D4E}
	EndGlobalSection
EndGlobal
